{
    "_meta": {
        "hash": {
            "sha256": "055a1cc1356b855a538399a16f777f191f9af028ca052b1f29f3b63fbafa6856"
        },
        "pipfile-spec": 6,
        "requires": {
            "python_version": "3.8"
        },
        "sources": [
            {
                "name": "pypi",
                "url": "https://pypi.org/simple",
                "verify_ssl": true
            }
        ]
    },
    "default": {
        "env": {
            "hashes": [
                "sha256:e07975087b08dd2aea45bf83447c7e21f43cf916bbc2a0722fceb66e54d03935"
            ],
            "index": "pypi",
            "version": "==0.1.0"
        }
    },
    "develop": {}
}
